PODS:
  - enx_flutter_plugin (0.0.1):
    - EnxRTCiOS (= 2.1.3)
    - Flutter
    - Socket.IO-Client-Swift (~> 15.1.0)
  - EnxRTCiOS (2.1.3):
    - GoogleWebRTC (= 1.1.29400)
  - Flutter (1.0.0)
  - flutter_foreground_task (0.0.1):
    - Flutter
  - fluttertoast (0.0.2):
    - Flutter
  - GoogleWebRTC (1.1.29400)
  - permission_handler (3.3.0):
    - Flutter
  - replay_kit_launcher (0.3.0):
    - Flutter
  - shared_preference_app_group (0.3.0):
    - Flutter
  - shared_preferences_ios (0.0.1):
    - Flutter
  - Socket.IO-Client-Swift (15.1.0):
    - Starscream (~> 3.1)
  - Starscream (3.1.1)

DEPENDENCIES:
  - enx_flutter_plugin (from `.symlinks/plugins/enx_flutter_plugin/ios`)
  - EnxRTCiOS
  - Flutter (from `Flutter`)
  - flutter_foreground_task (from `.symlinks/plugins/flutter_foreground_task/ios`)
  - fluttertoast (from `.symlinks/plugins/fluttertoast/ios`)
  - permission_handler (from `.symlinks/plugins/permission_handler/ios`)
  - replay_kit_launcher (from `.symlinks/plugins/replay_kit_launcher/ios`)
  - shared_preference_app_group (from `.symlinks/plugins/shared_preference_app_group/ios`)
  - shared_preferences_ios (from `.symlinks/plugins/shared_preferences_ios/ios`)
  - Socket.IO-Client-Swift (~> 15.1.0)

SPEC REPOS:
  trunk:
    - EnxRTCiOS
    - GoogleWebRTC
    - Socket.IO-Client-Swift
    - Starscream

EXTERNAL SOURCES:
  enx_flutter_plugin:
    :path: ".symlinks/plugins/enx_flutter_plugin/ios"
  Flutter:
    :path: Flutter
  flutter_foreground_task:
    :path: ".symlinks/plugins/flutter_foreground_task/ios"
  fluttertoast:
    :path: ".symlinks/plugins/fluttertoast/ios"
  permission_handler:
    :path: ".symlinks/plugins/permission_handler/ios"
  replay_kit_launcher:
    :path: ".symlinks/plugins/replay_kit_launcher/ios"
  shared_preference_app_group:
    :path: ".symlinks/plugins/shared_preference_app_group/ios"
  shared_preferences_ios:
    :path: ".symlinks/plugins/shared_preferences_ios/ios"

SPEC CHECKSUMS:
  enx_flutter_plugin: c96872c693f0ce7b46207bb570701b223f470c63
  EnxRTCiOS: 26d13f0133bee4d5bd8a5e58b6ec49a31888847b
  Flutter: 50d75fe2f02b26cc09d224853bb45737f8b3214a
  flutter_foreground_task: 21ef182ab0a29a3005cc72cd70e5f45cb7f7f817
  fluttertoast: b644586ef3b16f67fae9a1f8754cef6b2d6b634b
  GoogleWebRTC: cfb83bc346435a17fe06bb05f04ad826b858a7fb
  permission_handler: 67637977b227d62d46bfbf524f335f8568de5a73
  replay_kit_launcher: 9c6874fe17ce278a6f0e99e3698acf194480e9a2
  shared_preference_app_group: 4b43f9c787e876bfabf6805735677e3dec276bec
  shared_preferences_ios: aef470a42dc4675a1cdd50e3158b42e3d1232b32
  Socket.IO-Client-Swift: 7cb44c0ffb86e158cee32d0642d30ec5fdcf8f61
  Starscream: 4bb2f9942274833f7b4d296a55504dcfc7edb7b0

PODFILE CHECKSUM: 9edf677fcf14e230af653ed3f02f707a06998fa9

COCOAPODS: 1.11.3
